
Microsoft Visual Studio Solution File, Format Version 12.00
# Visual Studio Version 16
VisualStudioVersion = 16.0.29123.88
MinimumVisualStudioVersion = 10.0.40219.1
Project("{FAE04EC0-301F-11D3-BF4B-00C04F79EFBC}") = "PaymentInfoServices", "PaymentInfoServices\PaymentInfoServices.csproj", "{F95EB329-9CFF-43BA-83F2-38B4E7BCF1D0}"
EndProject
Project("{2150E333-8FDC-42A3-9474-1A3956D46DE8}") = "Layer 1", "Layer 1", "{25B2CEC1-4F2C-4A46-8485-DC1DC970404C}"
EndProject
Project("{2150E333-8FDC-42A3-9474-1A3956D46DE8}") = "Data Access", "Data Access", "{19B42B44-F6EF-4F43-91FD-9FC037FB6A95}"
EndProject
Project("{2150E333-8FDC-42A3-9474-1A3956D46DE8}") = "Layer 2", "Layer 2", "{BAF8D218-7344-4F2E-B326-CE7C54E09D18}"
EndProject
Project("{2150E333-8FDC-42A3-9474-1A3956D46DE8}") = "Business", "Business", "{54FDC35D-5081-4B34-BA0F-CF54883FB415}"
EndProject
Project("{2150E333-8FDC-42A3-9474-1A3956D46DE8}") = "Layer 3", "Layer 3", "{7547EF5B-AE56-49A8-B85F-F5F4BC08ACE5}"
EndProject
Project("{2150E333-8FDC-42A3-9474-1A3956D46DE8}") = "API and Hosting", "API and Hosting", "{CA2FC2A5-6900-472B-9A51-3FE7585030C2}"
EndProject
Project("{2150E333-8FDC-42A3-9474-1A3956D46DE8}") = "Controllers", "Controllers", "{7D3C3A72-C8F3-4765-B4B8-1EEC8718CC44}"
EndProject
Project("{2150E333-8FDC-42A3-9474-1A3956D46DE8}") = "Interfaces", "Interfaces", "{542D1501-4554-40D1-B6CB-FB65D3451914}"
EndProject
Project("{2150E333-8FDC-42A3-9474-1A3956D46DE8}") = "Implementations", "Implementations", "{A80E83F3-AA28-43A4-A9FB-70C1CC076654}"
EndProject
Project("{2150E333-8FDC-42A3-9474-1A3956D46DE8}") = "Interfaces", "Interfaces", "{A3FC6357-C006-4E67-AF66-BAF386D67863}"
EndProject
Project("{2150E333-8FDC-42A3-9474-1A3956D46DE8}") = "Implementations", "Implementations", "{1A3A0933-8E04-4496-837F-184069BB3314}"
EndProject
Project("{2150E333-8FDC-42A3-9474-1A3956D46DE8}") = "Context and Repositories", "Context and Repositories", "{F71CF2E6-E619-45C2-AF02-A08A8E47211E}"
EndProject
Project("{2150E333-8FDC-42A3-9474-1A3956D46DE8}") = "Interfaces", "Interfaces", "{B638446C-A2F9-443B-A2B0-6113FB7B9DD4}"
EndProject
Project("{2150E333-8FDC-42A3-9474-1A3956D46DE8}") = "Implementations", "Implementations", "{E6BBA12E-21A8-47C9-971D-D0894D8D5472}"
EndProject
Project("{2150E333-8FDC-42A3-9474-1A3956D46DE8}") = "Models", "Models", "{17F3EF48-2FE0-43B4-ACD4-7CD317460980}"
EndProject
Project("{FAE04EC0-301F-11D3-BF4B-00C04F79EFBC}") = "Microsoft.Libraries.Models", "Microsoft.Libraries.Models\Microsoft.Libraries.Models.csproj", "{A0AF7B57-3884-4048-9886-721714F6CA2F}"
EndProject
Project("{FAE04EC0-301F-11D3-BF4B-00C04F79EFBC}") = "Microsoft.Libraries.DataAccess.Interfaces", "Microsoft.Libaries.DataAccess.Interfaces\Microsoft.Libraries.DataAccess.Interfaces.csproj", "{8EBB0547-3CCC-4C71-AE18-19B873117690}"
EndProject
Project("{FAE04EC0-301F-11D3-BF4B-00C04F79EFBC}") = "Microsoft.Libraries.DataAccess.Impl", "Microsoft.Libraries.DataAccess.Impl\Microsoft.Libraries.DataAccess.Impl.csproj", "{ED498A39-7762-4511-BE05-2F7C9E2D43A3}"
EndProject
Project("{FAE04EC0-301F-11D3-BF4B-00C04F79EFBC}") = "Microsoft.Libraries.Business.Interfaces", "Microsoft.Libraries.Business.Interfaces\Microsoft.Libraries.Business.Interfaces.csproj", "{D0E640F9-4B66-4114-8433-12038D1685A2}"
EndProject
Project("{FAE04EC0-301F-11D3-BF4B-00C04F79EFBC}") = "Microsoft.Libraries.Business.Impl", "Microsoft.Libraries.Business.Impl\Microsoft.Libraries.Business.Impl.csproj", "{744B893B-0246-4676-A39E-5D7567F985C8}"
EndProject
Project("{FAE04EC0-301F-11D3-BF4B-00C04F79EFBC}") = "Microsoft.Libraries.API.Controllers.Interfaces", "Microsoft.Libraries.API.Controllers.Interfaces\Microsoft.Libraries.API.Controllers.Interfaces.csproj", "{66378344-920B-4E88-9CF3-643E1B59AA11}"
EndProject
Project("{FAE04EC0-301F-11D3-BF4B-00C04F79EFBC}") = "Microsoft.Libraries.API.Controllers.Impl", "Microsoft.Libraries.API.Controllers.Impl\Microsoft.Libraries.API.Controllers.Impl.csproj", "{FAECC51C-95FB-4F77-B3CE-D2728CBA8324}"
EndProject
Project("{2150E333-8FDC-42A3-9474-1A3956D46DE8}") = "Solution Items", "Solution Items", "{C7DF92C5-6C4C-47D3-8395-9F9721D4222A}"
	ProjectSection(SolutionItems) = preProject
		Dockerfile = Dockerfile
	EndProjectSection
EndProject
Global
	GlobalSection(SolutionConfigurationPlatforms) = preSolution
		Debug|Any CPU = Debug|Any CPU
		Release|Any CPU = Release|Any CPU
	EndGlobalSection
	GlobalSection(ProjectConfigurationPlatforms) = postSolution
		{F95EB329-9CFF-43BA-83F2-38B4E7BCF1D0}.Debug|Any CPU.ActiveCfg = Debug|Any CPU
		{F95EB329-9CFF-43BA-83F2-38B4E7BCF1D0}.Debug|Any CPU.Build.0 = Debug|Any CPU
		{F95EB329-9CFF-43BA-83F2-38B4E7BCF1D0}.Release|Any CPU.ActiveCfg = Release|Any CPU
		{F95EB329-9CFF-43BA-83F2-38B4E7BCF1D0}.Release|Any CPU.Build.0 = Release|Any CPU
		{A0AF7B57-3884-4048-9886-721714F6CA2F}.Debug|Any CPU.ActiveCfg = Debug|Any CPU
		{A0AF7B57-3884-4048-9886-721714F6CA2F}.Debug|Any CPU.Build.0 = Debug|Any CPU
		{A0AF7B57-3884-4048-9886-721714F6CA2F}.Release|Any CPU.ActiveCfg = Release|Any CPU
		{A0AF7B57-3884-4048-9886-721714F6CA2F}.Release|Any CPU.Build.0 = Release|Any CPU
		{8EBB0547-3CCC-4C71-AE18-19B873117690}.Debug|Any CPU.ActiveCfg = Debug|Any CPU
		{8EBB0547-3CCC-4C71-AE18-19B873117690}.Debug|Any CPU.Build.0 = Debug|Any CPU
		{8EBB0547-3CCC-4C71-AE18-19B873117690}.Release|Any CPU.ActiveCfg = Release|Any CPU
		{8EBB0547-3CCC-4C71-AE18-19B873117690}.Release|Any CPU.Build.0 = Release|Any CPU
		{ED498A39-7762-4511-BE05-2F7C9E2D43A3}.Debug|Any CPU.ActiveCfg = Debug|Any CPU
		{ED498A39-7762-4511-BE05-2F7C9E2D43A3}.Debug|Any CPU.Build.0 = Debug|Any CPU
		{ED498A39-7762-4511-BE05-2F7C9E2D43A3}.Release|Any CPU.ActiveCfg = Release|Any CPU
		{ED498A39-7762-4511-BE05-2F7C9E2D43A3}.Release|Any CPU.Build.0 = Release|Any CPU
		{D0E640F9-4B66-4114-8433-12038D1685A2}.Debug|Any CPU.ActiveCfg = Debug|Any CPU
		{D0E640F9-4B66-4114-8433-12038D1685A2}.Debug|Any CPU.Build.0 = Debug|Any CPU
		{D0E640F9-4B66-4114-8433-12038D1685A2}.Release|Any CPU.ActiveCfg = Release|Any CPU
		{D0E640F9-4B66-4114-8433-12038D1685A2}.Release|Any CPU.Build.0 = Release|Any CPU
		{744B893B-0246-4676-A39E-5D7567F985C8}.Debug|Any CPU.ActiveCfg = Debug|Any CPU
		{744B893B-0246-4676-A39E-5D7567F985C8}.Debug|Any CPU.Build.0 = Debug|Any CPU
		{744B893B-0246-4676-A39E-5D7567F985C8}.Release|Any CPU.ActiveCfg = Release|Any CPU
		{744B893B-0246-4676-A39E-5D7567F985C8}.Release|Any CPU.Build.0 = Release|Any CPU
		{66378344-920B-4E88-9CF3-643E1B59AA11}.Debug|Any CPU.ActiveCfg = Debug|Any CPU
		{66378344-920B-4E88-9CF3-643E1B59AA11}.Debug|Any CPU.Build.0 = Debug|Any CPU
		{66378344-920B-4E88-9CF3-643E1B59AA11}.Release|Any CPU.ActiveCfg = Release|Any CPU
		{66378344-920B-4E88-9CF3-643E1B59AA11}.Release|Any CPU.Build.0 = Release|Any CPU
		{FAECC51C-95FB-4F77-B3CE-D2728CBA8324}.Debug|Any CPU.ActiveCfg = Debug|Any CPU
		{FAECC51C-95FB-4F77-B3CE-D2728CBA8324}.Debug|Any CPU.Build.0 = Debug|Any CPU
		{FAECC51C-95FB-4F77-B3CE-D2728CBA8324}.Release|Any CPU.ActiveCfg = Release|Any CPU
		{FAECC51C-95FB-4F77-B3CE-D2728CBA8324}.Release|Any CPU.Build.0 = Release|Any CPU
	EndGlobalSection
	GlobalSection(SolutionProperties) = preSolution
		HideSolutionNode = FALSE
	EndGlobalSection
	GlobalSection(NestedProjects) = preSolution
		{F95EB329-9CFF-43BA-83F2-38B4E7BCF1D0} = {CA2FC2A5-6900-472B-9A51-3FE7585030C2}
		{19B42B44-F6EF-4F43-91FD-9FC037FB6A95} = {25B2CEC1-4F2C-4A46-8485-DC1DC970404C}
		{54FDC35D-5081-4B34-BA0F-CF54883FB415} = {BAF8D218-7344-4F2E-B326-CE7C54E09D18}
		{CA2FC2A5-6900-472B-9A51-3FE7585030C2} = {7547EF5B-AE56-49A8-B85F-F5F4BC08ACE5}
		{7D3C3A72-C8F3-4765-B4B8-1EEC8718CC44} = {CA2FC2A5-6900-472B-9A51-3FE7585030C2}
		{542D1501-4554-40D1-B6CB-FB65D3451914} = {7D3C3A72-C8F3-4765-B4B8-1EEC8718CC44}
		{A80E83F3-AA28-43A4-A9FB-70C1CC076654} = {7D3C3A72-C8F3-4765-B4B8-1EEC8718CC44}
		{A3FC6357-C006-4E67-AF66-BAF386D67863} = {54FDC35D-5081-4B34-BA0F-CF54883FB415}
		{1A3A0933-8E04-4496-837F-184069BB3314} = {54FDC35D-5081-4B34-BA0F-CF54883FB415}
		{F71CF2E6-E619-45C2-AF02-A08A8E47211E} = {19B42B44-F6EF-4F43-91FD-9FC037FB6A95}
		{B638446C-A2F9-443B-A2B0-6113FB7B9DD4} = {F71CF2E6-E619-45C2-AF02-A08A8E47211E}
		{E6BBA12E-21A8-47C9-971D-D0894D8D5472} = {F71CF2E6-E619-45C2-AF02-A08A8E47211E}
		{17F3EF48-2FE0-43B4-ACD4-7CD317460980} = {19B42B44-F6EF-4F43-91FD-9FC037FB6A95}
		{A0AF7B57-3884-4048-9886-721714F6CA2F} = {17F3EF48-2FE0-43B4-ACD4-7CD317460980}
		{8EBB0547-3CCC-4C71-AE18-19B873117690} = {B638446C-A2F9-443B-A2B0-6113FB7B9DD4}
		{ED498A39-7762-4511-BE05-2F7C9E2D43A3} = {E6BBA12E-21A8-47C9-971D-D0894D8D5472}
		{D0E640F9-4B66-4114-8433-12038D1685A2} = {A3FC6357-C006-4E67-AF66-BAF386D67863}
		{744B893B-0246-4676-A39E-5D7567F985C8} = {1A3A0933-8E04-4496-837F-184069BB3314}
		{66378344-920B-4E88-9CF3-643E1B59AA11} = {542D1501-4554-40D1-B6CB-FB65D3451914}
		{FAECC51C-95FB-4F77-B3CE-D2728CBA8324} = {A80E83F3-AA28-43A4-A9FB-70C1CC076654}
	EndGlobalSection
	GlobalSection(ExtensibilityGlobals) = postSolution
		SolutionGuid = {B022ECEC-A66E-4BB3-BA08-F2A7233FCC10}
	EndGlobalSection
EndGlobal
